
Microsoft Visual Studio Solution File, Format Version 12.00
# Visual Studio Version 17
VisualStudioVersion = 17.3.32929.385
MinimumVisualStudioVersion = 10.0.40219.1
Project("{9A19103F-16F7-4668-BE54-9A1E7A4F7556}") = "Razor_pages_intro", "Razor_pages_intro\Razor_pages_intro.csproj", "{C9088F86-70C3-41E9-B867-80F856455CA2}"
EndProject
Project("{9A19103F-16F7-4668-BE54-9A1E7A4F7556}") = "MyPerfectRazorExamples", "MyPerfectRazorExamples\MyPerfectRazorExamples.csproj", "{8950A813-7C87-4757-9D89-6A97C6693F2C}"
EndProject
Global
	GlobalSection(SolutionConfigurationPlatforms) = preSolution
		Debug|Any CPU = Debug|Any CPU
		Release|Any CPU = Release|Any CPU
	EndGlobalSection
	GlobalSection(ProjectConfigurationPlatforms) = postSolution
		{C9088F86-70C3-41E9-B867-80F856455CA2}.Debug|Any CPU.ActiveCfg = Debug|Any CPU
		{C9088F86-70C3-41E9-B867-80F856455CA2}.Debug|Any CPU.Build.0 = Debug|Any CPU
		{C9088F86-70C3-41E9-B867-80F856455CA2}.Release|Any CPU.ActiveCfg = Release|Any CPU
		{C9088F86-70C3-41E9-B867-80F856455CA2}.Release|Any CPU.Build.0 = Release|Any CPU
		{8950A813-7C87-4757-9D89-6A97C6693F2C}.Debug|Any CPU.ActiveCfg = Debug|Any CPU
		{8950A813-7C87-4757-9D89-6A97C6693F2C}.Debug|Any CPU.Build.0 = Debug|Any CPU
		{8950A813-7C87-4757-9D89-6A97C6693F2C}.Release|Any CPU.ActiveCfg = Release|Any CPU
		{8950A813-7C87-4757-9D89-6A97C6693F2C}.Release|Any CPU.Build.0 = Release|Any CPU
	EndGlobalSection
	GlobalSection(SolutionProperties) = preSolution
		HideSolutionNode = FALSE
	EndGlobalSection
	GlobalSection(ExtensibilityGlobals) = postSolution
		SolutionGuid = {11044F8C-4017-40C3-9280-64B1B3F10AF6}
	EndGlobalSection
EndGlobal
